
Microsoft Visual Studio Solution File, Format Version 12.00
# Visual Studio Version 16
VisualStudioVersion = 16.0.32901.82
MinimumVisualStudioVersion = 10.0.40219.1
Project("{FAE04EC0-301F-11D3-BF4B-00C04F79EFBC}") = "QuanLyCaPhe", "QuanLyCaPhe\QuanLyCaPhe.csproj", "{C340CF80-4CC8-43D9-837B-51E779510B0F}"
EndProject
Global
	GlobalSection(SolutionConfigurationPlatforms) = preSolution
		Debug|Any CPU = Debug|Any CPU
		Release|Any CPU = Release|Any CPU
	EndGlobalSection
	GlobalSection(ProjectConfigurationPlatforms) = postSolution
		{C340CF80-4CC8-43D9-837B-51E779510B0F}.Debug|Any CPU.ActiveCfg = Debug|Any CPU
		{C340CF80-4CC8-43D9-837B-51E779510B0F}.Debug|Any CPU.Build.0 = Debug|Any CPU
		{C340CF80-4CC8-43D9-837B-51E779510B0F}.Release|Any CPU.ActiveCfg = Release|Any CPU
		{C340CF80-4CC8-43D9-837B-51E779510B0F}.Release|Any CPU.Build.0 = Release|Any CPU
	EndGlobalSection
	GlobalSection(SolutionProperties) = preSolution
		HideSolutionNode = FALSE
	EndGlobalSection
	GlobalSection(ExtensibilityGlobals) = postSolution
		SolutionGuid = {7B7D29EB-59A7-4008-8357-D2ABCD24C031}
	EndGlobalSection
EndGlobal
